
Microsoft Visual Studio Solution File, Format Version 12.00
# Visual Studio Version 16
VisualStudioVersion = 16.0.30011.22
MinimumVisualStudioVersion = 10.0.40219.1
Project("{FAE04EC0-301F-11D3-BF4B-00C04F79EFBC}") = "Web", "Web\Web.csproj", "{58172101-AD33-47B2-A20A-77EA63317DCC}"
EndProject
Project("{FAE04EC0-301F-11D3-BF4B-00C04F79EFBC}") = "Model", "Model\Model.csproj", "{B7F2DC3C-0180-4743-86F9-6C360AD4F668}"
EndProject
Project("{FAE04EC0-301F-11D3-BF4B-00C04F79EFBC}") = "WebAPI", "WebAPI\WebAPI.csproj", "{60F2473C-85CE-4ECA-A391-C2F7D3744B02}"
EndProject
Global
	GlobalSection(SolutionConfigurationPlatforms) = preSolution
		Debug|Any CPU = Debug|Any CPU
		Release|Any CPU = Release|Any CPU
	EndGlobalSection
	GlobalSection(ProjectConfigurationPlatforms) = postSolution
		{58172101-AD33-47B2-A20A-77EA63317DCC}.Debug|Any CPU.ActiveCfg = Debug|Any CPU
		{58172101-AD33-47B2-A20A-77EA63317DCC}.Debug|Any CPU.Build.0 = Debug|Any CPU
		{58172101-AD33-47B2-A20A-77EA63317DCC}.Release|Any CPU.ActiveCfg = Release|Any CPU
		{58172101-AD33-47B2-A20A-77EA63317DCC}.Release|Any CPU.Build.0 = Release|Any CPU
		{B7F2DC3C-0180-4743-86F9-6C360AD4F668}.Debug|Any CPU.ActiveCfg = Debug|Any CPU
		{B7F2DC3C-0180-4743-86F9-6C360AD4F668}.Debug|Any CPU.Build.0 = Debug|Any CPU
		{B7F2DC3C-0180-4743-86F9-6C360AD4F668}.Release|Any CPU.ActiveCfg = Release|Any CPU
		{B7F2DC3C-0180-4743-86F9-6C360AD4F668}.Release|Any CPU.Build.0 = Release|Any CPU
		{60F2473C-85CE-4ECA-A391-C2F7D3744B02}.Debug|Any CPU.ActiveCfg = Debug|Any CPU
		{60F2473C-85CE-4ECA-A391-C2F7D3744B02}.Debug|Any CPU.Build.0 = Debug|Any CPU
		{60F2473C-85CE-4ECA-A391-C2F7D3744B02}.Release|Any CPU.ActiveCfg = Release|Any CPU
		{60F2473C-85CE-4ECA-A391-C2F7D3744B02}.Release|Any CPU.Build.0 = Release|Any CPU
	EndGlobalSection
	GlobalSection(SolutionProperties) = preSolution
		HideSolutionNode = FALSE
	EndGlobalSection
	GlobalSection(ExtensibilityGlobals) = postSolution
		SolutionGuid = {CE3937DD-A10F-4135-858C-6BF14BBEF799}
	EndGlobalSection
EndGlobal
